
Microsoft Visual Studio Solution File, Format Version 12.00
# Visual Studio Version 17
VisualStudioVersion = 17.8.34322.80
MinimumVisualStudioVersion = 10.0.40219.1
Project("{9A19103F-16F7-4668-BE54-9A1E7A4F7556}") = "Movement", "Movement.csproj", "{24975E60-F20E-4D4D-8B05-AF7D2EFA1723}"
EndProject
Global
	GlobalSection(SolutionConfigurationPlatforms) = preSolution
		Debug|Any CPU = Debug|Any CPU
		Debug|x64 = Debug|x64
		Game|Any CPU = Game|Any CPU
		Game|x64 = Game|x64
		Release|Any CPU = Release|Any CPU
		Release|x64 = Release|x64
	EndGlobalSection
	GlobalSection(ProjectConfigurationPlatforms) = postSolution
		{24975E60-F20E-4D4D-8B05-AF7D2EFA1723}.Debug|Any CPU.ActiveCfg = Debug|Any CPU
		{24975E60-F20E-4D4D-8B05-AF7D2EFA1723}.Debug|Any CPU.Build.0 = Debug|Any CPU
		{24975E60-F20E-4D4D-8B05-AF7D2EFA1723}.Debug|x64.ActiveCfg = Debug|x64
		{24975E60-F20E-4D4D-8B05-AF7D2EFA1723}.Debug|x64.Build.0 = Debug|x64
		{24975E60-F20E-4D4D-8B05-AF7D2EFA1723}.Game|Any CPU.ActiveCfg = Game|Any CPU
		{24975E60-F20E-4D4D-8B05-AF7D2EFA1723}.Game|Any CPU.Build.0 = Game|Any CPU
		{24975E60-F20E-4D4D-8B05-AF7D2EFA1723}.Game|x64.ActiveCfg = Game|x64
		{24975E60-F20E-4D4D-8B05-AF7D2EFA1723}.Game|x64.Build.0 = Game|x64
		{24975E60-F20E-4D4D-8B05-AF7D2EFA1723}.Release|Any CPU.ActiveCfg = Release|Any CPU
		{24975E60-F20E-4D4D-8B05-AF7D2EFA1723}.Release|Any CPU.Build.0 = Release|Any CPU
		{24975E60-F20E-4D4D-8B05-AF7D2EFA1723}.Release|x64.ActiveCfg = Release|x64
		{24975E60-F20E-4D4D-8B05-AF7D2EFA1723}.Release|x64.Build.0 = Release|x64
	EndGlobalSection
	GlobalSection(SolutionProperties) = preSolution
		HideSolutionNode = FALSE
	EndGlobalSection
	GlobalSection(ExtensibilityGlobals) = postSolution
		SolutionGuid = {605E9BA6-F6AB-4FF1-8F54-657E07A5A8F5}
	EndGlobalSection
EndGlobal
